
Microsoft Visual Studio Solution File, Format Version 12.00
# Visual Studio 14
VisualStudioVersion = 14.0.23107.0
MinimumVisualStudioVersion = 10.0.40219.1
Project("{FAE04EC0-301F-11D3-BF4B-00C04F79EFBC}") = "SociaGroundsEngine", "SociaGroundsEngine\SociaGroundsEngine.csproj", "{AC1DF8F5-48B4-44F9-A6E3-0F71D061321C}"
EndProject
Project("{FAE04EC0-301F-11D3-BF4B-00C04F79EFBC}") = "SocialGroundsStore", "SocialGroundsStore\SocialGroundsStore.csproj", "{BD84590C-DE7A-4639-A9B1-4AD9B574E933}"
EndProject
Project("{FAE04EC0-301F-11D3-BF4B-00C04F79EFBC}") = "SociaGrounds", "..\..\..\Dropbox\C#\MonoGame\SociaGrounds\SociaGrounds\SociaGrounds.csproj", "{C98AAB5D-54C4-4ABD-8FE3-467BBA5FD355}"
EndProject
Project("{FAE04EC0-301F-11D3-BF4B-00C04F79EFBC}") = "Lidgren", "Lidgren\Lidgren.csproj", "{D6722D10-3F96-47BE-9756-B1160925D5EA}"
EndProject
Global
	GlobalSection(SolutionConfigurationPlatforms) = preSolution
		Debug|Any CPU = Debug|Any CPU
		Debug|ARM = Debug|ARM
		Debug|Mixed Platforms = Debug|Mixed Platforms
		Debug|x64 = Debug|x64
		Debug|x86 = Debug|x86
		Release|Any CPU = Release|Any CPU
		Release|ARM = Release|ARM
		Release|Mixed Platforms = Release|Mixed Platforms
		Release|x64 = Release|x64
		Release|x86 = Release|x86
	EndGlobalSection
	GlobalSection(ProjectConfigurationPlatforms) = postSolution
		{AC1DF8F5-48B4-44F9-A6E3-0F71D061321C}.Debug|Any CPU.ActiveCfg = Debug|ARM
		{AC1DF8F5-48B4-44F9-A6E3-0F71D061321C}.Debug|Any CPU.Build.0 = Debug|ARM
		{AC1DF8F5-48B4-44F9-A6E3-0F71D061321C}.Debug|Any CPU.Deploy.0 = Debug|ARM
		{AC1DF8F5-48B4-44F9-A6E3-0F71D061321C}.Debug|ARM.ActiveCfg = Debug|ARM
		{AC1DF8F5-48B4-44F9-A6E3-0F71D061321C}.Debug|ARM.Build.0 = Debug|ARM
		{AC1DF8F5-48B4-44F9-A6E3-0F71D061321C}.Debug|ARM.Deploy.0 = Debug|ARM
		{AC1DF8F5-48B4-44F9-A6E3-0F71D061321C}.Debug|Mixed Platforms.ActiveCfg = Debug|x86
		{AC1DF8F5-48B4-44F9-A6E3-0F71D061321C}.Debug|Mixed Platforms.Build.0 = Debug|x86
		{AC1DF8F5-48B4-44F9-A6E3-0F71D061321C}.Debug|Mixed Platforms.Deploy.0 = Debug|x86
		{AC1DF8F5-48B4-44F9-A6E3-0F71D061321C}.Debug|x64.ActiveCfg = Debug|Any CPU
		{AC1DF8F5-48B4-44F9-A6E3-0F71D061321C}.Debug|x86.ActiveCfg = Debug|x86
		{AC1DF8F5-48B4-44F9-A6E3-0F71D061321C}.Debug|x86.Build.0 = Debug|x86
		{AC1DF8F5-48B4-44F9-A6E3-0F71D061321C}.Debug|x86.Deploy.0 = Debug|x86
		{AC1DF8F5-48B4-44F9-A6E3-0F71D061321C}.Release|Any CPU.ActiveCfg = Release|Any CPU
		{AC1DF8F5-48B4-44F9-A6E3-0F71D061321C}.Release|Any CPU.Build.0 = Release|Any CPU
		{AC1DF8F5-48B4-44F9-A6E3-0F71D061321C}.Release|Any CPU.Deploy.0 = Release|Any CPU
		{AC1DF8F5-48B4-44F9-A6E3-0F71D061321C}.Release|ARM.ActiveCfg = Release|ARM
		{AC1DF8F5-48B4-44F9-A6E3-0F71D061321C}.Release|ARM.Build.0 = Release|ARM
		{AC1DF8F5-48B4-44F9-A6E3-0F71D061321C}.Release|ARM.Deploy.0 = Release|ARM
		{AC1DF8F5-48B4-44F9-A6E3-0F71D061321C}.Release|Mixed Platforms.ActiveCfg = Release|x86
		{AC1DF8F5-48B4-44F9-A6E3-0F71D061321C}.Release|Mixed Platforms.Build.0 = Release|x86
		{AC1DF8F5-48B4-44F9-A6E3-0F71D061321C}.Release|Mixed Platforms.Deploy.0 = Release|x86
		{AC1DF8F5-48B4-44F9-A6E3-0F71D061321C}.Release|x64.ActiveCfg = Release|Any CPU
		{AC1DF8F5-48B4-44F9-A6E3-0F71D061321C}.Release|x86.ActiveCfg = Release|x86
		{AC1DF8F5-48B4-44F9-A6E3-0F71D061321C}.Release|x86.Build.0 = Release|x86
		{AC1DF8F5-48B4-44F9-A6E3-0F71D061321C}.Release|x86.Deploy.0 = Release|x86
		{BD84590C-DE7A-4639-A9B1-4AD9B574E933}.Debug|Any CPU.ActiveCfg = Debug|Any CPU
		{BD84590C-DE7A-4639-A9B1-4AD9B574E933}.Debug|Any CPU.Build.0 = Debug|Any CPU
		{BD84590C-DE7A-4639-A9B1-4AD9B574E933}.Debug|Any CPU.Deploy.0 = Debug|Any CPU
		{BD84590C-DE7A-4639-A9B1-4AD9B574E933}.Debug|ARM.ActiveCfg = Debug|ARM
		{BD84590C-DE7A-4639-A9B1-4AD9B574E933}.Debug|ARM.Build.0 = Debug|ARM
		{BD84590C-DE7A-4639-A9B1-4AD9B574E933}.Debug|ARM.Deploy.0 = Debug|ARM
		{BD84590C-DE7A-4639-A9B1-4AD9B574E933}.Debug|Mixed Platforms.ActiveCfg = Debug|x86
		{BD84590C-DE7A-4639-A9B1-4AD9B574E933}.Debug|Mixed Platforms.Build.0 = Debug|x86
		{BD84590C-DE7A-4639-A9B1-4AD9B574E933}.Debug|Mixed Platforms.Deploy.0 = Debug|x86
		{BD84590C-DE7A-4639-A9B1-4AD9B574E933}.Debug|x64.ActiveCfg = Debug|x64
		{BD84590C-DE7A-4639-A9B1-4AD9B574E933}.Debug|x64.Build.0 = Debug|x64
		{BD84590C-DE7A-4639-A9B1-4AD9B574E933}.Debug|x64.Deploy.0 = Debug|x64
		{BD84590C-DE7A-4639-A9B1-4AD9B574E933}.Debug|x86.ActiveCfg = Debug|x86
		{BD84590C-DE7A-4639-A9B1-4AD9B574E933}.Debug|x86.Build.0 = Debug|x86
		{BD84590C-DE7A-4639-A9B1-4AD9B574E933}.Debug|x86.Deploy.0 = Debug|x86
		{BD84590C-DE7A-4639-A9B1-4AD9B574E933}.Release|Any CPU.ActiveCfg = Release|Any CPU
		{BD84590C-DE7A-4639-A9B1-4AD9B574E933}.Release|Any CPU.Build.0 = Release|Any CPU
		{BD84590C-DE7A-4639-A9B1-4AD9B574E933}.Release|Any CPU.Deploy.0 = Release|Any CPU
		{BD84590C-DE7A-4639-A9B1-4AD9B574E933}.Release|ARM.ActiveCfg = Release|ARM
		{BD84590C-DE7A-4639-A9B1-4AD9B574E933}.Release|ARM.Build.0 = Release|ARM
		{BD84590C-DE7A-4639-A9B1-4AD9B574E933}.Release|ARM.Deploy.0 = Release|ARM
		{BD84590C-DE7A-4639-A9B1-4AD9B574E933}.Release|Mixed Platforms.ActiveCfg = Release|x86
		{BD84590C-DE7A-4639-A9B1-4AD9B574E933}.Release|Mixed Platforms.Build.0 = Release|x86
		{BD84590C-DE7A-4639-A9B1-4AD9B574E933}.Release|Mixed Platforms.Deploy.0 = Release|x86
		{BD84590C-DE7A-4639-A9B1-4AD9B574E933}.Release|x64.ActiveCfg = Release|x64
		{BD84590C-DE7A-4639-A9B1-4AD9B574E933}.Release|x64.Build.0 = Release|x64
		{BD84590C-DE7A-4639-A9B1-4AD9B574E933}.Release|x64.Deploy.0 = Release|x64
		{BD84590C-DE7A-4639-A9B1-4AD9B574E933}.Release|x86.ActiveCfg = Release|x86
		{BD84590C-DE7A-4639-A9B1-4AD9B574E933}.Release|x86.Build.0 = Release|x86
		{BD84590C-DE7A-4639-A9B1-4AD9B574E933}.Release|x86.Deploy.0 = Release|x86
		{C98AAB5D-54C4-4ABD-8FE3-467BBA5FD355}.Debug|Any CPU.ActiveCfg = Debug|x86
		{C98AAB5D-54C4-4ABD-8FE3-467BBA5FD355}.Debug|ARM.ActiveCfg = Debug|ARM
		{C98AAB5D-54C4-4ABD-8FE3-467BBA5FD355}.Debug|ARM.Build.0 = Debug|ARM
		{C98AAB5D-54C4-4ABD-8FE3-467BBA5FD355}.Debug|ARM.Deploy.0 = Debug|ARM
		{C98AAB5D-54C4-4ABD-8FE3-467BBA5FD355}.Debug|Mixed Platforms.ActiveCfg = Debug|x86
		{C98AAB5D-54C4-4ABD-8FE3-467BBA5FD355}.Debug|Mixed Platforms.Build.0 = Debug|x86
		{C98AAB5D-54C4-4ABD-8FE3-467BBA5FD355}.Debug|Mixed Platforms.Deploy.0 = Debug|x86
		{C98AAB5D-54C4-4ABD-8FE3-467BBA5FD355}.Debug|x64.ActiveCfg = Debug|x64
		{C98AAB5D-54C4-4ABD-8FE3-467BBA5FD355}.Debug|x64.Build.0 = Debug|x64
		{C98AAB5D-54C4-4ABD-8FE3-467BBA5FD355}.Debug|x64.Deploy.0 = Debug|x64
		{C98AAB5D-54C4-4ABD-8FE3-467BBA5FD355}.Debug|x86.ActiveCfg = Debug|x86
		{C98AAB5D-54C4-4ABD-8FE3-467BBA5FD355}.Debug|x86.Build.0 = Debug|x86
		{C98AAB5D-54C4-4ABD-8FE3-467BBA5FD355}.Debug|x86.Deploy.0 = Debug|x86
		{C98AAB5D-54C4-4ABD-8FE3-467BBA5FD355}.Release|Any CPU.ActiveCfg = Release|x86
		{C98AAB5D-54C4-4ABD-8FE3-467BBA5FD355}.Release|ARM.ActiveCfg = Release|ARM
		{C98AAB5D-54C4-4ABD-8FE3-467BBA5FD355}.Release|ARM.Build.0 = Release|ARM
		{C98AAB5D-54C4-4ABD-8FE3-467BBA5FD355}.Release|ARM.Deploy.0 = Release|ARM
		{C98AAB5D-54C4-4ABD-8FE3-467BBA5FD355}.Release|Mixed Platforms.ActiveCfg = Release|x86
		{C98AAB5D-54C4-4ABD-8FE3-467BBA5FD355}.Release|Mixed Platforms.Build.0 = Release|x86
		{C98AAB5D-54C4-4ABD-8FE3-467BBA5FD355}.Release|Mixed Platforms.Deploy.0 = Release|x86
		{C98AAB5D-54C4-4ABD-8FE3-467BBA5FD355}.Release|x64.ActiveCfg = Release|x64
		{C98AAB5D-54C4-4ABD-8FE3-467BBA5FD355}.Release|x64.Build.0 = Release|x64
		{C98AAB5D-54C4-4ABD-8FE3-467BBA5FD355}.Release|x64.Deploy.0 = Release|x64
		{C98AAB5D-54C4-4ABD-8FE3-467BBA5FD355}.Release|x86.ActiveCfg = Release|x86
		{C98AAB5D-54C4-4ABD-8FE3-467BBA5FD355}.Release|x86.Build.0 = Release|x86
		{C98AAB5D-54C4-4ABD-8FE3-467BBA5FD355}.Release|x86.Deploy.0 = Release|x86
		{D6722D10-3F96-47BE-9756-B1160925D5EA}.Debug|Any CPU.ActiveCfg = Debug|Any CPU
		{D6722D10-3F96-47BE-9756-B1160925D5EA}.Debug|Any CPU.Build.0 = Debug|Any CPU
		{D6722D10-3F96-47BE-9756-B1160925D5EA}.Debug|ARM.ActiveCfg = Debug|ARM
		{D6722D10-3F96-47BE-9756-B1160925D5EA}.Debug|ARM.Build.0 = Debug|ARM
		{D6722D10-3F96-47BE-9756-B1160925D5EA}.Debug|Mixed Platforms.ActiveCfg = Debug|x86
		{D6722D10-3F96-47BE-9756-B1160925D5EA}.Debug|Mixed Platforms.Build.0 = Debug|x86
		{D6722D10-3F96-47BE-9756-B1160925D5EA}.Debug|x64.ActiveCfg = Debug|x64
		{D6722D10-3F96-47BE-9756-B1160925D5EA}.Debug|x64.Build.0 = Debug|x64
		{D6722D10-3F96-47BE-9756-B1160925D5EA}.Debug|x86.ActiveCfg = Debug|x86
		{D6722D10-3F96-47BE-9756-B1160925D5EA}.Debug|x86.Build.0 = Debug|x86
		{D6722D10-3F96-47BE-9756-B1160925D5EA}.Release|Any CPU.ActiveCfg = Release|Any CPU
		{D6722D10-3F96-47BE-9756-B1160925D5EA}.Release|Any CPU.Build.0 = Release|Any CPU
		{D6722D10-3F96-47BE-9756-B1160925D5EA}.Release|ARM.ActiveCfg = Release|ARM
		{D6722D10-3F96-47BE-9756-B1160925D5EA}.Release|ARM.Build.0 = Release|ARM
		{D6722D10-3F96-47BE-9756-B1160925D5EA}.Release|Mixed Platforms.ActiveCfg = Release|x86
		{D6722D10-3F96-47BE-9756-B1160925D5EA}.Release|Mixed Platforms.Build.0 = Release|x86
		{D6722D10-3F96-47BE-9756-B1160925D5EA}.Release|x64.ActiveCfg = Release|x64
		{D6722D10-3F96-47BE-9756-B1160925D5EA}.Release|x64.Build.0 = Release|x64
		{D6722D10-3F96-47BE-9756-B1160925D5EA}.Release|x86.ActiveCfg = Release|x86
		{D6722D10-3F96-47BE-9756-B1160925D5EA}.Release|x86.Build.0 = Release|x86
	EndGlobalSection
	GlobalSection(SolutionProperties) = preSolution
		HideSolutionNode = FALSE
	EndGlobalSection
EndGlobal
